<?xml version="1.0" encoding="utf-8"?>
<Project ToolsVersion="4.0" xmlns="http://schemas.microsoft.com/developer/msbuild/2003">
  <ItemGroup>
    <Filter Include="base">
      <UniqueIdentifier>{949e482d-1ed4-484c-a326-514fe7d7ad60}</UniqueIdentifier>
    </Filter>
    <Filter Include="net">
      <UniqueIdentifier>{e48aa740-1595-42c5-ad4c-d307148e66b4}</UniqueIdentifier>
    </Filter>
    <Filter Include="net\socket">
      <UniqueIdentifier>{374756ba-40ba-4f87-9d3a-65e038ec1172}</UniqueIdentifier>
    </Filter>
    <Filter Include="resource">
      <UniqueIdentifier>{ed81245c-aced-4da4-a57c-8cbe800cbce5}</UniqueIdentifier>
    </Filter>
    <Filter Include="protocols">
      <UniqueIdentifier>{69ee501d-22b1-41d7-8fab-13c7a628047a}</UniqueIdentifier>
    </Filter>
    <Filter Include="server_plugin">
      <UniqueIdentifier>{ed172a62-7b71-4580-8eef-c9590836bfae}</UniqueIdentifier>
    </Filter>
    <Filter Include="protocols\controller">
      <UniqueIdentifier>{aa72fe0b-f560-4a7c-8139-2629422f576c}</UniqueIdentifier>
    </Filter>
  </ItemGroup>
  <ItemGroup>
    <ClInclude Include="base\build_required.h">
      <Filter>base</Filter>
    </ClInclude>
    <ClInclude Include="net\socket\socket.h">
      <Filter>net\socket</Filter>
    </ClInclude>
    <ClInclude Include="net\socket\tcp_socket.h">
      <Filter>net\socket</Filter>
    </ClInclude>
    <ClInclude Include="resource\resource.h">
      <Filter>resource</Filter>
    </ClInclude>
    <ClInclude Include="base\logger.h">
      <Filter>base</Filter>
    </ClInclude>
    <ClInclude Include="net\server.h">
      <Filter>net</Filter>
    </ClInclude>
    <ClInclude Include="net\socket\tcp_listener.h">
      <Filter>net\socket</Filter>
    </ClInclude>
    <ClInclude Include="protocols\protocol_handler.h">
      <Filter>protocols</Filter>
    </ClInclude>
    <ClInclude Include="net\ip_endpoint.h">
      <Filter>net</Filter>
    </ClInclude>
    <ClInclude Include="server_plugin\server_plugin.h">
      <Filter>server_plugin</Filter>
    </ClInclude>
    <ClInclude Include="server_plugin\controller.h">
      <Filter>server_plugin</Filter>
    </ClInclude>
    <ClInclude Include="server_plugin\plugin_loader.h">
      <Filter>server_plugin</Filter>
    </ClInclude>
    <ClInclude Include="net\session.h">
      <Filter>net</Filter>
    </ClInclude>
    <ClInclude Include="net\tcp_session.h">
      <Filter>net</Filter>
    </ClInclude>
    <ClInclude Include="protocols\controller\controller_handler.h">
      <Filter>protocols\controller</Filter>
    </ClInclude>
    <ClInclude Include="protocols\plugin_export.h">
      <Filter>protocols</Filter>
    </ClInclude>
    <ClInclude Include="server_plugin\plugin.h">
      <Filter>server_plugin</Filter>
    </ClInclude>
    <ClInclude Include="base\dynamic_lib.h">
      <Filter>base</Filter>
    </ClInclude>
  </ItemGroup>
  <ItemGroup>
    <ClCompile Include="net\socket\socket_unix.cpp">
      <Filter>net\socket</Filter>
    </ClCompile>
    <ClCompile Include="net\socket\socket_win.cpp">
      <Filter>net\socket</Filter>
    </ClCompile>
    <ClCompile Include="net\socket\tcp_socket.cpp">
      <Filter>net\socket</Filter>
    </ClCompile>
    <ClCompile Include="resource\resource.cpp">
      <Filter>resource</Filter>
    </ClCompile>
    <ClCompile Include="base\logger.cpp">
      <Filter>base</Filter>
    </ClCompile>
    <ClCompile Include="net\server.cpp">
      <Filter>net</Filter>
    </ClCompile>
    <ClCompile Include="net\socket\tcp_listener.cpp">
      <Filter>net\socket</Filter>
    </ClCompile>
    <ClCompile Include="main.cpp" />
    <ClCompile Include="net\ip_endpoint.cpp">
      <Filter>net</Filter>
    </ClCompile>
    <ClCompile Include="server_plugin\controller.cpp">
      <Filter>server_plugin</Filter>
    </ClCompile>
    <ClCompile Include="server_plugin\plugin_loader.cpp">
      <Filter>server_plugin</Filter>
    </ClCompile>
    <ClCompile Include="net\session.cpp">
      <Filter>net</Filter>
    </ClCompile>
    <ClCompile Include="net\tcp_session.cpp">
      <Filter>net</Filter>
    </ClCompile>
    <ClCompile Include="protocols\controller\controller_handler.cpp">
      <Filter>protocols\controller</Filter>
    </ClCompile>
    <ClCompile Include="server_plugin\server_plugin.cpp">
      <Filter>server_plugin</Filter>
    </ClCompile>
    <ClCompile Include="base\dynamic_lib_win.cpp">
      <Filter>base</Filter>
    </ClCompile>
  </ItemGroup>
  <ItemGroup>
    <None Include="README.md" />
  </ItemGroup>
</Project>