<?xml version="1.0" encoding="utf-8"?>
<Project ToolsVersion="4.0" xmlns="http://schemas.microsoft.com/developer/msbuild/2003">
  <ItemGroup>
    <Filter Include="main">
      <UniqueIdentifier>{e356bcc8-64af-4208-801a-700a854c78b3}</UniqueIdentifier>
    </Filter>
    <Filter Include="base">
      <UniqueIdentifier>{949e482d-1ed4-484c-a326-514fe7d7ad60}</UniqueIdentifier>
    </Filter>
    <Filter Include="net">
      <UniqueIdentifier>{e48aa740-1595-42c5-ad4c-d307148e66b4}</UniqueIdentifier>
    </Filter>
    <Filter Include="net\socket">
      <UniqueIdentifier>{374756ba-40ba-4f87-9d3a-65e038ec1172}</UniqueIdentifier>
    </Filter>
    <Filter Include="resource">
      <UniqueIdentifier>{ed81245c-aced-4da4-a57c-8cbe800cbce5}</UniqueIdentifier>
    </Filter>
    <Filter Include="compression">
      <UniqueIdentifier>{af9efde9-0f06-49db-ba24-54e4caef339a}</UniqueIdentifier>
    </Filter>
    <Filter Include="compression\zlib">
      <UniqueIdentifier>{04c58ec1-34f2-4d6c-91d9-f917ace147cb}</UniqueIdentifier>
    </Filter>
  </ItemGroup>
  <ItemGroup>
    <ClInclude Include="base\build_required.h">
      <Filter>base</Filter>
    </ClInclude>
    <ClInclude Include="net\http_connection.h">
      <Filter>net</Filter>
    </ClInclude>
    <ClInclude Include="net\http_server.h">
      <Filter>net</Filter>
    </ClInclude>
    <ClInclude Include="net\socket\server_socket.h">
      <Filter>net\socket</Filter>
    </ClInclude>
    <ClInclude Include="net\socket\socket.h">
      <Filter>net\socket</Filter>
    </ClInclude>
    <ClInclude Include="net\socket\tcp_socket.h">
      <Filter>net\socket</Filter>
    </ClInclude>
    <ClInclude Include="resource\resource.h">
      <Filter>resource</Filter>
    </ClInclude>
    <ClInclude Include="base\logger.h">
      <Filter>base</Filter>
    </ClInclude>
    <ClInclude Include="net\ipendpoint.h">
      <Filter>net</Filter>
    </ClInclude>
    <ClInclude Include="compression\zlib128\include\zconf.h">
      <Filter>compression\zlib</Filter>
    </ClInclude>
    <ClInclude Include="compression\zlib128\include\zlib.h">
      <Filter>compression\zlib</Filter>
    </ClInclude>
    <ClInclude Include="net\http_request.h">
      <Filter>net</Filter>
    </ClInclude>
    <ClInclude Include="net\http_response.h">
      <Filter>net</Filter>
    </ClInclude>
    <ClInclude Include="net\http.h">
      <Filter>net</Filter>
    </ClInclude>
  </ItemGroup>
  <ItemGroup>
    <ClCompile Include="main.cpp">
      <Filter>main</Filter>
    </ClCompile>
    <ClCompile Include="net\http_connection.cpp">
      <Filter>net</Filter>
    </ClCompile>
    <ClCompile Include="net\http_server.cpp">
      <Filter>net</Filter>
    </ClCompile>
    <ClCompile Include="net\socket\server_socket.cpp">
      <Filter>net\socket</Filter>
    </ClCompile>
    <ClCompile Include="net\socket\socket_unix.cpp">
      <Filter>net\socket</Filter>
    </ClCompile>
    <ClCompile Include="net\socket\socket_win.cpp">
      <Filter>net\socket</Filter>
    </ClCompile>
    <ClCompile Include="net\socket\tcp_socket.cpp">
      <Filter>net\socket</Filter>
    </ClCompile>
    <ClCompile Include="resource\resource.cpp">
      <Filter>resource</Filter>
    </ClCompile>
    <ClCompile Include="base\logger.cpp">
      <Filter>base</Filter>
    </ClCompile>
    <ClCompile Include="net\http_response.cpp">
      <Filter>net</Filter>
    </ClCompile>
    <ClCompile Include="net\http_request.cpp">
      <Filter>net</Filter>
    </ClCompile>
  </ItemGroup>
  <ItemGroup>
    <None Include="README.md" />
  </ItemGroup>
</Project>